
Microsoft Visual Studio Solution File, Format Version 12.00
Project("{FAE04EC0-301F-11D3-BF4B-00C04F79EFBC}") = "Ignore", "src\Ignore\Ignore.csproj", "{C803E980-3DF5-4FE3-91E3-EAAB488D4F12}"
EndProject
Project("{FAE04EC0-301F-11D3-BF4B-00C04F79EFBC}") = "Ignore.Tests", "src\Ignore.Tests\Ignore.Tests.csproj", "{5DD5BE76-AB6B-4C65-8023-61960F9C3418}"
EndProject
Global
	GlobalSection(SolutionConfigurationPlatforms) = preSolution
		Debug|Any CPU = Debug|Any CPU
		Release|Any CPU = Release|Any CPU
	EndGlobalSection
	GlobalSection(ProjectConfigurationPlatforms) = postSolution
		{C803E980-3DF5-4FE3-91E3-EAAB488D4F12}.Debug|Any CPU.ActiveCfg = Debug|Any CPU
		{C803E980-3DF5-4FE3-91E3-EAAB488D4F12}.Debug|Any CPU.Build.0 = Debug|Any CPU
		{C803E980-3DF5-4FE3-91E3-EAAB488D4F12}.Release|Any CPU.ActiveCfg = Release|Any CPU
		{C803E980-3DF5-4FE3-91E3-EAAB488D4F12}.Release|Any CPU.Build.0 = Release|Any CPU
		{5DD5BE76-AB6B-4C65-8023-61960F9C3418}.Debug|Any CPU.ActiveCfg = Debug|Any CPU
		{5DD5BE76-AB6B-4C65-8023-61960F9C3418}.Debug|Any CPU.Build.0 = Debug|Any CPU
		{5DD5BE76-AB6B-4C65-8023-61960F9C3418}.Release|Any CPU.ActiveCfg = Release|Any CPU
		{5DD5BE76-AB6B-4C65-8023-61960F9C3418}.Release|Any CPU.Build.0 = Release|Any CPU
	EndGlobalSection
EndGlobal
